// !$*UTF8*$!
{
	archiveVersion = 1;
	classes = {
	};
	objectVersion = 56;
	objects = {

/* Begin PBXBuildFile section */
		11299D8C2A086BA100AF209E /* Volume_CounterApp.swift in Sources */ = {isa = PBXBuildFile; fileRef = 11299D8B2A086BA100AF209E /* Volume_CounterApp.swift */; };
		11299D8E2A086BA100AF209E /* ContentView.swift in Sources */ = {isa = PBXBuildFile; fileRef = 11299D8D2A086BA100AF209E /* ContentView.swift */; };
		11299D902A086BA400AF209E /* Assets.xcassets in Resources */ = {isa = PBXBuildFile; fileRef = 11299D8F2A086BA400AF209E /* Assets.xcassets */; };
		11299D932A086BA400AF209E /* Preview Assets.xcassets in Resources */ = {isa = PBXBuildFile; fileRef = 11299D922A086BA400AF209E /* Preview Assets.xcassets */; };
		11299D9D2A086BA400AF209E /* Volume_CounterTests.swift in Sources */ = {isa = PBXBuildFile; fileRef = 11299D9C2A086BA400AF209E /* Volume_CounterTests.swift */; };
		11299DA72A086BA400AF209E /* Volume_CounterUITests.swift in Sources */ = {isa = PBXBuildFile; fileRef = 11299DA62A086BA400AF209E /* Volume_CounterUITests.swift */; };
		11299DA92A086BA400AF209E /* Volume_CounterUITestsLaunchTests.swift in Sources */ = {isa = PBXBuildFile; fileRef = 11299DA82A086BA400AF209E /* Volume_CounterUITestsLaunchTests.swift */; };
/* End PBXBuildFile section */

/* Begin PBXContainerItemProxy section */
		11299D992A086BA400AF209E /* PBXContainerItemProxy */ = {
			isa = PBXContainerItemProxy;
			containerPortal = 11299D802A086BA100AF209E /* Project object */;
			proxyType = 1;
			remoteGlobalIDString = 11299D872A086BA100AF209E;
			remoteInfo = "Volume Counter";
		};
		11299DA32A086BA400AF209E /* PBXContainerItemProxy */ = {
			isa = PBXContainerItemProxy;
			containerPortal = 11299D802A086BA100AF209E /* Project object */;
			proxyType = 1;
			remoteGlobalIDString = 11299D872A086BA100AF209E;
			remoteInfo = "Volume Counter";
		};
/* End PBXContainerItemProxy section */

/* Begin PBXFileReference section */
		11299D882A086BA100AF209E /* Volume Counter.app */ = {isa = PBXFileReference; explicitFileType = wrapper.application; includeInIndex = 0; path = "Volume Counter.app"; sourceTree = BUILT_PRODUCTS_DIR; };
		11299D8B2A086BA100AF209E /* Volume_CounterApp.swift */ = {isa = PBXFileReference; lastKnownFileType = sourcecode.swift; path = Volume_CounterApp.swift; sourceTree = "<group>"; };
		11299D8D2A086BA100AF209E /* ContentView.swift */ = {isa = PBXFileReference; lastKnownFileType = sourcecode.swift; path = ContentView.swift; sourceTree = "<group>"; };
		11299D8F2A086BA400AF209E /* Assets.xcassets */ = {isa = PBXFileReference; lastKnownFileType = folder.assetcatalog; path = Assets.xcassets; sourceTree = "<group>"; };
		11299D922A086BA400AF209E /* Preview Assets.xcassets */ = {isa = PBXFileReference; lastKnownFileType = folder.assetcatalog; path = "Preview Assets.xcassets"; sourceTree = "<group>"; };
		11299D982A086BA400AF209E /* Volume CounterTests.xctest */ = {isa = PBXFileReference; explicitFileType = wrapper.cfbundle; includeInIndex = 0; path = "Volume CounterTests.xctest"; sourceTree = BUILT_PRODUCTS_DIR; };
		11299D9C2A086BA400AF209E /* Volume_CounterTests.swift */ = {isa = PBXFileReference; lastKnownFileType = sourcecode.swift; path = Volume_CounterTests.swift; sourceTree = "<group>"; };
		11299DA22A086BA400AF209E /* Volume CounterUITests.xctest */ = {isa = PBXFileReference; explicitFileType = wrapper.cfbundle; includeInIndex = 0; path = "Volume CounterUITests.xctest"; sourceTree = BUILT_PRODUCTS_DIR; };
		11299DA62A086BA400AF209E /* Volume_CounterUITests.swift */ = {isa = PBXFileReference; lastKnownFileType = sourcecode.swift; path = Volume_CounterUITests.swift; sourceTree = "<group>"; };
		11299DA82A086BA400AF209E /* Volume_CounterUITestsLaunchTests.swift */ = {isa = PBXFileReference; lastKnownFileType = sourcecode.swift; path = Volume_CounterUITestsLaunchTests.swift; sourceTree = "<group>"; };
/* End PBXFileReference section */

/* Begin PBXFrameworksBuildPhase section */
		11299D852A086BA100AF209E /* Frameworks */ = {
			isa = PBXFrameworksBuildPhase;
			buildActionMask = 2147483647;
			files = (
			);
			runOnlyForDeploymentPostprocessing = 0;
		};
		11299D952A086BA400AF209E /* Frameworks */ = {
			isa = PBXFrameworksBuildPhase;
			buildActionMask = 2147483647;
			files = (
			);
			runOnlyForDeploymentPostprocessing = 0;
		};
		11299D9F2A086BA400AF209E /* Frameworks */ = {
			isa = PBXFrameworksBuildPhase;
			buildActionMask = 2147483647;
			files = (
			);
			runOnlyForDeploymentPostprocessing = 0;
		};
/* End PBXFrameworksBuildPhase section */

/* Begin PBXGroup section */
		11299D7F2A086BA100AF209E = {
			isa = PBXGroup;
			children = (
				11299D8A2A086BA100AF209E /* Volume Counter */,
				11299D9B2A086BA400AF209E /* Volume CounterTests */,
				11299DA52A086BA400AF209E /* Volume CounterUITests */,
				11299D892A086BA100AF209E /* Products */,
			);
			sourceTree = "<group>";
		};
		11299D892A086BA100AF209E /* Products */ = {
			isa = PBXGroup;
			children = (
				11299D882A086BA100AF209E /* Volume Counter.app */,
				11299D982A086BA400AF209E /* Volume CounterTests.xctest */,
				11299DA22A086BA400AF209E /* Volume CounterUITests.xctest */,
			);
			name = Products;
			sourceTree = "<group>";
		};
		11299D8A2A086BA100AF209E /* Volume Counter */ = {
			isa = PBXGroup;
			children = (
				11299D8B2A086BA100AF209E /* Volume_CounterApp.swift */,
				11299D8D2A086BA100AF209E /* ContentView.swift */,
				11299D8F2A086BA400AF209E /* Assets.xcassets */,
				11299D912A086BA400AF209E /* Preview Content */,
			);
			path = "Volume Counter";
			sourceTree = "<group>";
		};
		11299D912A086BA400AF209E /* Preview Content */ = {
			isa = PBXGroup;
			children = (
				11299D922A086BA400AF209E /* Preview Assets.xcassets */,
			);
			path = "Preview Content";
			sourceTree = "<group>";
		};
		11299D9B2A086BA400AF209E /* Volume CounterTests */ = {
			isa = PBXGroup;
			children = (
				11299D9C2A086BA400AF209E /* Volume_CounterTests.swift */,
			);
			path = "Volume CounterTests";
			sourceTree = "<group>";
		};
		11299DA52A086BA400AF209E /* Volume CounterUITests */ = {
			isa = PBXGroup;
			children = (
				11299DA62A086BA400AF209E /* Volume_CounterUITests.swift */,
				11299DA82A086BA400AF209E /* Volume_CounterUITestsLaunchTests.swift */,
			);
			path = "Volume CounterUITests";
			sourceTree = "<group>";
		};
/* End PBXGroup section */

/* Begin PBXNativeTarget section */
		11299D872A086BA100AF209E /* Volume Counter */ = {
			isa = PBXNativeTarget;
			buildConfigurationList = 11299DAC2A086BA400AF209E /* Build configuration list for PBXNativeTarget "Volume Counter" */;
			buildPhases = (
				11299D842A086BA100AF209E /* Sources */,
				11299D852A086BA100AF209E /* Frameworks */,
				11299D862A086BA100AF209E /* Resources */,
			);
			buildRules = (
			);
			dependencies = (
			);
			name = "Volume Counter";
			productName = "Volume Counter";
			productReference = 11299D882A086BA100AF209E /* Volume Counter.app */;
			productType = "com.apple.product-type.application";
		};
		11299D972A086BA400AF209E /* Volume CounterTests */ = {
			isa = PBXNativeTarget;
			buildConfigurationList = 11299DAF2A086BA400AF209E /* Build configuration list for PBXNativeTarget "Volume CounterTests" */;
			buildPhases = (
				11299D942A086BA400AF209E /* Sources */,
				11299D952A086BA400AF209E /* Frameworks */,
				11299D962A086BA400AF209E /* Resources */,
			);
			buildRules = (
			);
			dependencies = (
				11299D9A2A086BA400AF209E /* PBXTargetDependency */,
			);
			name = "Volume CounterTests";
			productName = "Volume CounterTests";
			productReference = 11299D982A086BA400AF209E /* Volume CounterTests.xctest */;
			productType = "com.apple.product-type.bundle.unit-test";
		};
		11299DA12A086BA400AF209E /* Volume CounterUITests */ = {
			isa = PBXNativeTarget;
			buildConfigurationList = 11299DB22A086BA400AF209E /* Build configuration list for PBXNativeTarget "Volume CounterUITests" */;
			buildPhases = (
				11299D9E2A086BA400AF209E /* Sources */,
				11299D9F2A086BA400AF209E /* Frameworks */,
				11299DA02A086BA400AF209E /* Resources */,
			);
			buildRules = (
			);
			dependencies = (
				11299DA42A086BA400AF209E /* PBXTargetDependency */,
			);
			name = "Volume CounterUITests";
			productName = "Volume CounterUITests";
			productReference = 11299DA22A086BA400AF209E /* Volume CounterUITests.xctest */;
			productType = "com.apple.product-type.bundle.ui-testing";
		};
/* End PBXNativeTarget section */

/* Begin PBXProject section */
		11299D802A086BA100AF209E /* Project object */ = {
			isa = PBXProject;
			attributes = {
				BuildIndependentTargetsInParallel = 1;
				LastSwiftUpdateCheck = 1430;
				LastUpgradeCheck = 1430;
				TargetAttributes = {
					11299D872A086BA100AF209E = {
						CreatedOnToolsVersion = 14.3;
					};
					11299D972A086BA400AF209E = {
						CreatedOnToolsVersion = 14.3;
						TestTargetID = 11299D872A086BA100AF209E;
					};
					11299DA12A086BA400AF209E = {
						CreatedOnToolsVersion = 14.3;
						TestTargetID = 11299D872A086BA100AF209E;
					};
				};
			};
			buildConfigurationList = 11299D832A086BA100AF209E /* Build configuration list for PBXProject "Volume Counter" */;
			compatibilityVersion = "Xcode 14.0";
			developmentRegion = en;
			hasScannedForEncodings = 0;
			knownRegions = (
				en,
				Base,
			);
			mainGroup = 11299D7F2A086BA100AF209E;
			productRefGroup = 11299D892A086BA100AF209E /* Products */;
			projectDirPath = "";
			projectRoot = "";
			targets = (
				11299D872A086BA100AF209E /* Volume Counter */,
				11299D972A086BA400AF209E /* Volume CounterTests */,
				11299DA12A086BA400AF209E /* Volume CounterUITests */,
			);
		};
/* End PBXProject section */

/* Begin PBXResourcesBuildPhase section */
		11299D862A086BA100AF209E /* Resources */ = {
			isa = PBXResourcesBuildPhase;
			buildActionMask = 2147483647;
			files = (
				11299D932A086BA400AF209E /* Preview Assets.xcassets in Resources */,
				11299D902A086BA400AF209E /* Assets.xcassets in Resources */,
			);
			runOnlyForDeploymentPostprocessing = 0;
		};
		11299D962A086BA400AF209E /* Resources */ = {
			isa = PBXResourcesBuildPhase;
			buildActionMask = 2147483647;
			files = (
			);
			runOnlyForDeploymentPostprocessing = 0;
		};
		11299DA02A086BA400AF209E /* Resources */ = {
			isa = PBXResourcesBuildPhase;
			buildActionMask = 2147483647;
			files = (
			);
			runOnlyForDeploymentPostprocessing = 0;
		};
/* End PBXResourcesBuildPhase section */

/* Begin PBXSourcesBuildPhase section */
		11299D842A086BA100AF209E /* Sources */ = {
			isa = PBXSourcesBuildPhase;
			buildActionMask = 2147483647;
			files = (
				11299D8E2A086BA100AF209E /* ContentView.swift in Sources */,
				11299D8C2A086BA100AF209E /* Volume_CounterApp.swift in Sources */,
			);
			runOnlyForDeploymentPostprocessing = 0;
		};
		11299D942A086BA400AF209E /* Sources */ = {
			isa = PBXSourcesBuildPhase;
			buildActionMask = 2147483647;
			files = (
				11299D9D2A086BA400AF209E /* Volume_CounterTests.swift in Sources */,
			);
			runOnlyForDeploymentPostprocessing = 0;
		};
		11299D9E2A086BA400AF209E /* Sources */ = {
			isa = PBXSourcesBuildPhase;
			buildActionMask = 2147483647;
			files = (
				11299DA72A086BA400AF209E /* Volume_CounterUITests.swift in Sources */,
				11299DA92A086BA400AF209E /* Volume_CounterUITestsLaunchTests.swift in Sources */,
			);
			runOnlyForDeploymentPostprocessing = 0;
		};
/* End PBXSourcesBuildPhase section */

/* Begin PBXTargetDependency section */
		11299D9A2A086BA400AF209E /* PBXTargetDependency */ = {
			isa = PBXTargetDependency;
			target = 11299D872A086BA100AF209E /* Volume Counter */;
			targetProxy = 11299D992A086BA400AF209E /* PBXContainerItemProxy */;
		};
		11299DA42A086BA400AF209E /* PBXTargetDependency */ = {
			isa = PBXTargetDependency;
			target = 11299D872A086BA100AF209E /* Volume Counter */;
			targetProxy = 11299DA32A086BA400AF209E /* PBXContainerItemProxy */;
		};
/* End PBXTargetDependency section */

/* Begin XCBuildConfiguration section */
		11299DAA2A086BA400AF209E /* Debug */ = {
			isa = XCBuildConfiguration;
			buildSettings = {
				ALWAYS_SEARCH_USER_PATHS = NO;
				CLANG_ANALYZER_NONNULL = YES;
				CLANG_ANALYZER_NUMBER_OBJECT_CONVERSION = YES_AGGRESSIVE;
				CLANG_CXX_LANGUAGE_STANDARD = "gnu++20";
				CLANG_ENABLE_MODULES = YES;
				CLANG_ENABLE_OBJC_ARC = YES;
				CLANG_ENABLE_OBJC_WEAK = YES;
				CLANG_WARN_BLOCK_CAPTURE_AUTORELEASING = YES;
				CLANG_WARN_BOOL_CONVERSION = YES;
				CLANG_WARN_COMMA = YES;
				CLANG_WARN_CONSTANT_CONVERSION = YES;
				CLANG_WARN_DEPRECATED_OBJC_IMPLEMENTATIONS = YES;
				CLANG_WARN_DIRECT_OBJC_ISA_USAGE = YES_ERROR;
				CLANG_WARN_DOCUMENTATION_COMMENTS = YES;
				CLANG_WARN_EMPTY_BODY = YES;
				CLANG_WARN_ENUM_CONVERSION = YES;
				CLANG_WARN_INFINITE_RECURSION = YES;
				CLANG_WARN_INT_CONVERSION = YES;
				CLANG_WARN_NON_LITERAL_NULL_CONVERSION = YES;
				CLANG_WARN_OBJC_IMPLICIT_RETAIN_SELF = YES;
				CLANG_WARN_OBJC_LITERAL_CONVERSION = YES;
				CLANG_WARN_OBJC_ROOT_CLASS = YES_ERROR;
				CLANG_WARN_QUOTED_INCLUDE_IN_FRAMEWORK_HEADER = YES;
				CLANG_WARN_RANGE_LOOP_ANALYSIS = YES;
				CLANG_WARN_STRICT_PROTOTYPES = YES;
				CLANG_WARN_SUSPICIOUS_MOVE = YES;
				CLANG_WARN_UNGUARDED_AVAILABILITY = YES_AGGRESSIVE;
				CLANG_WARN_UNREACHABLE_CODE = YES;
				CLANG_WARN__DUPLICATE_METHOD_MATCH = YES;
				COPY_PHASE_STRIP = NO;
				DEBUG_INFORMATION_FORMAT = dwarf;
				ENABLE_STRICT_OBJC_MSGSEND = YES;
				ENABLE_TESTABILITY = YES;
				GCC_C_LANGUAGE_STANDARD = gnu11;
				GCC_DYNAMIC_NO_PIC = NO;
				GCC_NO_COMMON_BLOCKS = YES;
				GCC_OPTIMIZATION_LEVEL = 0;
				GCC_PREPROCESSOR_DEFINITIONS = (
					"DEBUG=1",
					"$(inherited)",
				);
				GCC_WARN_64_TO_32_BIT_CONVERSION = YES;
				GCC_WARN_ABOUT_RETURN_TYPE = YES_ERROR;
				GCC_WARN_UNDECLARED_SELECTOR = YES;
				GCC_WARN_UNINITIALIZED_AUTOS = YES_AGGRESSIVE;
				GCC_WARN_UNUSED_FUNCTION = YES;
				GCC_WARN_UNUSED_VARIABLE = YES;
				IPHONEOS_DEPLOYMENT_TARGET = 16.4;
				MTL_ENABLE_DEBUG_INFO = INCLUDE_SOURCE;
				MTL_FAST_MATH = YES;
				ONLY_ACTIVE_ARCH = YES;
				SDKROOT = iphoneos;
				SWIFT_ACTIVE_COMPILATION_CONDITIONS = DEBUG;
				SWIFT_OPTIMIZATION_LEVEL = "-Onone";
			};
			name = Debug;
		};
		11299DAB2A086BA400AF209E /* Release */ = {
			isa = XCBuildConfiguration;
			buildSettings = {
				ALWAYS_SEARCH_USER_PATHS = NO;
				CLANG_ANALYZER_NONNULL = YES;
				CLANG_ANALYZER_NUMBER_OBJECT_CONVERSION = YES_AGGRESSIVE;
				CLANG_CXX_LANGUAGE_STANDARD = "gnu++20";
				CLANG_ENABLE_MODULES = YES;
				CLANG_ENABLE_OBJC_ARC = YES;
				CLANG_ENABLE_OBJC_WEAK = YES;
				CLANG_WARN_BLOCK_CAPTURE_AUTORELEASING = YES;
				CLANG_WARN_BOOL_CONVERSION = YES;
				CLANG_WARN_COMMA = YES;
				CLANG_WARN_CONSTANT_CONVERSION = YES;
				CLANG_WARN_DEPRECATED_OBJC_IMPLEMENTATIONS = YES;
				CLANG_WARN_DIRECT_OBJC_ISA_USAGE = YES_ERROR;
				CLANG_WARN_DOCUMENTATION_COMMENTS = YES;
				CLANG_WARN_EMPTY_BODY = YES;
				CLANG_WARN_ENUM_CONVERSION = YES;
				CLANG_WARN_INFINITE_RECURSION = YES;
				CLANG_WARN_INT_CONVERSION = YES;
				CLANG_WARN_NON_LITERAL_NULL_CONVERSION = YES;
				CLANG_WARN_OBJC_IMPLICIT_RETAIN_SELF = YES;
				CLANG_WARN_OBJC_LITERAL_CONVERSION = YES;
				CLANG_WARN_OBJC_ROOT_CLASS = YES_ERROR;
				CLANG_WARN_QUOTED_INCLUDE_IN_FRAMEWORK_HEADER = YES;
				CLANG_WARN_RANGE_LOOP_ANALYSIS = YES;
				CLANG_WARN_STRICT_PROTOTYPES = YES;
				CLANG_WARN_SUSPICIOUS_MOVE = YES;
				CLANG_WARN_UNGUARDED_AVAILABILITY = YES_AGGRESSIVE;
				CLANG_WARN_UNREACHABLE_CODE = YES;
				CLANG_WARN__DUPLICATE_METHOD_MATCH = YES;
				COPY_PHASE_STRIP = NO;
				DEBUG_INFORMATION_FORMAT = "dwarf-with-dsym";
				ENABLE_NS_ASSERTIONS = NO;
				ENABLE_STRICT_OBJC_MSGSEND = YES;
				GCC_C_LANGUAGE_STANDARD = gnu11;
				GCC_NO_COMMON_BLOCKS = YES;
				GCC_WARN_64_TO_32_BIT_CONVERSION = YES;
				GCC_WARN_ABOUT_RETURN_TYPE = YES_ERROR;
				GCC_WARN_UNDECLARED_SELECTOR = YES;
				GCC_WARN_UNINITIALIZED_AUTOS = YES_AGGRESSIVE;
				GCC_WARN_UNUSED_FUNCTION = YES;
				GCC_WARN_UNUSED_VARIABLE = YES;
				IPHONEOS_DEPLOYMENT_TARGET = 16.4;
				MTL_ENABLE_DEBUG_INFO = NO;
				MTL_FAST_MATH = YES;
				SDKROOT = iphoneos;
				SWIFT_COMPILATION_MODE = wholemodule;
				SWIFT_OPTIMIZATION_LEVEL = "-O";
				VALIDATE_PRODUCT = YES;
			};
			name = Release;
		};
		11299DAD2A086BA400AF209E /* Debug */ = {
			isa = XCBuildConfiguration;
			buildSettings = {
				ASSETCATALOG_COMPILER_APPICON_NAME = AppIcon;
				ASSETCATALOG_COMPILER_GLOBAL_ACCENT_COLOR_NAME = AccentColor;
				CODE_SIGN_STYLE = Automatic;
				CURRENT_PROJECT_VERSION = 1;
				DEVELOPMENT_ASSET_PATHS = "\"Volume Counter/Preview Content\"";
				DEVELOPMENT_TEAM = J8MC4CX4J2;
				ENABLE_PREVIEWS = YES;
				GENERATE_INFOPLIST_FILE = YES;
				INFOPLIST_KEY_UIApplicationSceneManifest_Generation = YES;
				INFOPLIST_KEY_UIApplicationSupportsIndirectInputEvents = YES;
				INFOPLIST_KEY_UILaunchScreen_Generation = YES;
				INFOPLIST_KEY_UISupportedInterfaceOrientations_iPad = "UIInterfaceOrientationPortrait UIInterfaceOrientationPortraitUpsideDown UIInterfaceOrientationLandscapeLeft UIInterfaceOrientationLandscapeRight";
				INFOPLIST_KEY_UISupportedInterfaceOrientations_iPhone = "UIInterfaceOrientationPortrait UIInterfaceOrientationLandscapeLeft UIInterfaceOrientationLandscapeRight";
				LD_RUNPATH_SEARCH_PATHS = (
					"$(inherited)",
					"@executable_path/Frameworks",
				);
				MARKETING_VERSION = 1.0;
				PRODUCT_BUNDLE_IDENTIFIER = "donhyeonglee.Volume-Counter";
				PRODUCT_NAME = "$(TARGET_NAME)";
				SWIFT_EMIT_LOC_STRINGS = YES;
				SWIFT_VERSION = 5.0;
				TARGETED_DEVICE_FAMILY = "1,2";
			};
			name = Debug;
		};
		11299DAE2A086BA400AF209E /* Release */ = {
			isa = XCBuildConfiguration;
			buildSettings = {
				ASSETCATALOG_COMPILER_APPICON_NAME = AppIcon;
				ASSETCATALOG_COMPILER_GLOBAL_ACCENT_COLOR_NAME = AccentColor;
				CODE_SIGN_STYLE = Automatic;
				CURRENT_PROJECT_VERSION = 1;
				DEVELOPMENT_ASSET_PATHS = "\"Volume Counter/Preview Content\"";
				DEVELOPMENT_TEAM = J8MC4CX4J2;
				ENABLE_PREVIEWS = YES;
				GENERATE_INFOPLIST_FILE = YES;
				INFOPLIST_KEY_UIApplicationSceneManifest_Generation = YES;
				INFOPLIST_KEY_UIApplicationSupportsIndirectInputEvents = YES;
				INFOPLIST_KEY_UILaunchScreen_Generation = YES;
				INFOPLIST_KEY_UISupportedInterfaceOrientations_iPad = "UIInterfaceOrientationPortrait UIInterfaceOrientationPortraitUpsideDown UIInterfaceOrientationLandscapeLeft UIInterfaceOrientationLandscapeRight";
				INFOPLIST_KEY_UISupportedInterfaceOrientations_iPhone = "UIInterfaceOrientationPortrait UIInterfaceOrientationLandscapeLeft UIInterfaceOrientationLandscapeRight";
				LD_RUNPATH_SEARCH_PATHS = (
					"$(inherited)",
					"@executable_path/Frameworks",
				);
				MARKETING_VERSION = 1.0;
				PRODUCT_BUNDLE_IDENTIFIER = "donhyeonglee.Volume-Counter";
				PRODUCT_NAME = "$(TARGET_NAME)";
				SWIFT_EMIT_LOC_STRINGS = YES;
				SWIFT_VERSION = 5.0;
				TARGETED_DEVICE_FAMILY = "1,2";
			};
			name = Release;
		};
		11299DB02A086BA400AF209E /* Debug */ = {
			isa = XCBuildConfiguration;
			buildSettings = {
				ALWAYS_EMBED_SWIFT_STANDARD_LIBRARIES = YES;
				BUNDLE_LOADER = "$(TEST_HOST)";
				CODE_SIGN_STYLE = Automatic;
				CURRENT_PROJECT_VERSION = 1;
				DEVELOPMENT_TEAM = J8MC4CX4J2;
				GENERATE_INFOPLIST_FILE = YES;
				IPHONEOS_DEPLOYMENT_TARGET = 16.4;
				MARKETING_VERSION = 1.0;
				PRODUCT_BUNDLE_IDENTIFIER = "donhyeonglee.Volume-CounterTests";
				PRODUCT_NAME = "$(TARGET_NAME)";
				SWIFT_EMIT_LOC_STRINGS = NO;
				SWIFT_VERSION = 5.0;
				TARGETED_DEVICE_FAMILY = "1,2";
				TEST_HOST = "$(BUILT_PRODUCTS_DIR)/Volume Counter.app/$(BUNDLE_EXECUTABLE_FOLDER_PATH)/Volume Counter";
			};
			name = Debug;
		};
		11299DB12A086BA400AF209E /* Release */ = {
			isa = XCBuildConfiguration;
			buildSettings = {
				ALWAYS_EMBED_SWIFT_STANDARD_LIBRARIES = YES;
				BUNDLE_LOADER = "$(TEST_HOST)";
				CODE_SIGN_STYLE = Automatic;
				CURRENT_PROJECT_VERSION = 1;
				DEVELOPMENT_TEAM = J8MC4CX4J2;
				GENERATE_INFOPLIST_FILE = YES;
				IPHONEOS_DEPLOYMENT_TARGET = 16.4;
				MARKETING_VERSION = 1.0;
				PRODUCT_BUNDLE_IDENTIFIER = "donhyeonglee.Volume-CounterTests";
				PRODUCT_NAME = "$(TARGET_NAME)";
				SWIFT_EMIT_LOC_STRINGS = NO;
				SWIFT_VERSION = 5.0;
				TARGETED_DEVICE_FAMILY = "1,2";
				TEST_HOST = "$(BUILT_PRODUCTS_DIR)/Volume Counter.app/$(BUNDLE_EXECUTABLE_FOLDER_PATH)/Volume Counter";
			};
			name = Release;
		};
		11299DB32A086BA400AF209E /* Debug */ = {
			isa = XCBuildConfiguration;
			buildSettings = {
				ALWAYS_EMBED_SWIFT_STANDARD_LIBRARIES = YES;
				CODE_SIGN_STYLE = Automatic;
				CURRENT_PROJECT_VERSION = 1;
				DEVELOPMENT_TEAM = J8MC4CX4J2;
				GENERATE_INFOPLIST_FILE = YES;
				MARKETING_VERSION = 1.0;
				PRODUCT_BUNDLE_IDENTIFIER = "donhyeonglee.Volume-CounterUITests";
				PRODUCT_NAME = "$(TARGET_NAME)";
				SWIFT_EMIT_LOC_STRINGS = NO;
				SWIFT_VERSION = 5.0;
				TARGETED_DEVICE_FAMILY = "1,2";
				TEST_TARGET_NAME = "Volume Counter";
			};
			name = Debug;
		};
		11299DB42A086BA400AF209E /* Release */ = {
			isa = XCBuildConfiguration;
			buildSettings = {
				ALWAYS_EMBED_SWIFT_STANDARD_LIBRARIES = YES;
				CODE_SIGN_STYLE = Automatic;
				CURRENT_PROJECT_VERSION = 1;
				DEVELOPMENT_TEAM = J8MC4CX4J2;
				GENERATE_INFOPLIST_FILE = YES;
				MARKETING_VERSION = 1.0;
				PRODUCT_BUNDLE_IDENTIFIER = "donhyeonglee.Volume-CounterUITests";
				PRODUCT_NAME = "$(TARGET_NAME)";
				SWIFT_EMIT_LOC_STRINGS = NO;
				SWIFT_VERSION = 5.0;
				TARGETED_DEVICE_FAMILY = "1,2";
				TEST_TARGET_NAME = "Volume Counter";
			};
			name = Release;
		};
/* End XCBuildConfiguration section */

/* Begin XCConfigurationList section */
		11299D832A086BA100AF209E /* Build configuration list for PBXProject "Volume Counter" */ = {
			isa = XCConfigurationList;
			buildConfigurations = (
				11299DAA2A086BA400AF209E /* Debug */,
				11299DAB2A086BA400AF209E /* Release */,
			);
			defaultConfigurationIsVisible = 0;
			defaultConfigurationName = Release;
		};
		11299DAC2A086BA400AF209E /* Build configuration list for PBXNativeTarget "Volume Counter" */ = {
			isa = XCConfigurationList;
			buildConfigurations = (
				11299DAD2A086BA400AF209E /* Debug */,
				11299DAE2A086BA400AF209E /* Release */,
			);
			defaultConfigurationIsVisible = 0;
			defaultConfigurationName = Release;
		};
		11299DAF2A086BA400AF209E /* Build configuration list for PBXNativeTarget "Volume CounterTests" */ = {
			isa = XCConfigurationList;
			buildConfigurations = (
				11299DB02A086BA400AF209E /* Debug */,
				11299DB12A086BA400AF209E /* Release */,
			);
			defaultConfigurationIsVisible = 0;
			defaultConfigurationName = Release;
		};
		11299DB22A086BA400AF209E /* Build configuration list for PBXNativeTarget "Volume CounterUITests" */ = {
			isa = XCConfigurationList;
			buildConfigurations = (
				11299DB32A086BA400AF209E /* Debug */,
				11299DB42A086BA400AF209E /* Release */,
			);
			defaultConfigurationIsVisible = 0;
			defaultConfigurationName = Release;
		};
/* End XCConfigurationList section */
	};
	rootObject = 11299D802A086BA100AF209E /* Project object */;
}
